// !$*UTF8*$!
{
	archiveVersion = 1;
	classes = {
	};
	objectVersion = 46;
	objects = {

/* Begin PBXBuildFile section */
		4863791A1B98E4CD0021B1AA /* AppDelegate.swift in Sources */ = {isa = PBXBuildFile; fileRef = 486379191B98E4CD0021B1AA /* AppDelegate.swift */; };
		4863791C1B98E4CD0021B1AA /* ViewController.swift in Sources */ = {isa = PBXBuildFile; fileRef = 4863791B1B98E4CD0021B1AA /* ViewController.swift */; };
		4863791F1B98E4CD0021B1AA /* Main.storyboard in Resources */ = {isa = PBXBuildFile; fileRef = 4863791D1B98E4CD0021B1AA /* Main.storyboard */; };
		486379211B98E4CD0021B1AA /* Images.xcassets in Resources */ = {isa = PBXBuildFile; fileRef = 486379201B98E4CD0021B1AA /* Images.xcassets */; };
		486379241B98E4CD0021B1AA /* LaunchScreen.xib in Resources */ = {isa = PBXBuildFile; fileRef = 486379221B98E4CD0021B1AA /* LaunchScreen.xib */; };
		486379301B98E4CE0021B1AA /* TrainingTests.swift in Sources */ = {isa = PBXBuildFile; fileRef = 4863792F1B98E4CE0021B1AA /* TrainingTests.swift */; };
/* End PBXBuildFile section */

/* Begin PBXContainerItemProxy section */
		4863792A1B98E4CE0021B1AA /* PBXContainerItemProxy */ = {
			isa = PBXContainerItemProxy;
			containerPortal = 4863790C1B98E4CD0021B1AA /* Project object */;
			proxyType = 1;
			remoteGlobalIDString = 486379131B98E4CD0021B1AA;
			remoteInfo = Training;
		};
/* End PBXContainerItemProxy section */

/* Begin PBXFileReference section */
		486379141B98E4CD0021B1AA /* Training.app */ = {isa = PBXFileReference; explicitFileType = wrapper.application; includeInIndex = 0; path = Training.app; sourceTree = BUILT_PRODUCTS_DIR; };
		486379181B98E4CD0021B1AA /* Info.plist */ = {isa = PBXFileReference; lastKnownFileType = text.plist.xml; path = Info.plist; sourceTree = "<group>"; };
		486379191B98E4CD0021B1AA /* AppDelegate.swift */ = {isa = PBXFileReference; lastKnownFileType = sourcecode.swift; path = AppDelegate.swift; sourceTree = "<group>"; };
		4863791B1B98E4CD0021B1AA /* ViewController.swift */ = {isa = PBXFileReference; lastKnownFileType = sourcecode.swift; path = ViewController.swift; sourceTree = "<group>"; };
		4863791E1B98E4CD0021B1AA /* Base */ = {isa = PBXFileReference; lastKnownFileType = file.storyboard; name = Base; path = Base.lproj/Main.storyboard; sourceTree = "<group>"; };
		486379201B98E4CD0021B1AA /* Images.xcassets */ = {isa = PBXFileReference; lastKnownFileType = folder.assetcatalog; path = Images.xcassets; sourceTree = "<group>"; };
		486379231B98E4CD0021B1AA /* Base */ = {isa = PBXFileReference; lastKnownFileType = file.xib; name = Base; path = Base.lproj/LaunchScreen.xib; sourceTree = "<group>"; };
		486379291B98E4CE0021B1AA /* TrainingTests.xctest */ = {isa = PBXFileReference; explicitFileType = wrapper.cfbundle; includeInIndex = 0; path = TrainingTests.xctest; sourceTree = BUILT_PRODUCTS_DIR; };
		4863792E1B98E4CE0021B1AA /* Info.plist */ = {isa = PBXFileReference; lastKnownFileType = text.plist.xml; path = Info.plist; sourceTree = "<group>"; };
		4863792F1B98E4CE0021B1AA /* TrainingTests.swift */ = {isa = PBXFileReference; lastKnownFileType = sourcecode.swift; path = TrainingTests.swift; sourceTree = "<group>"; };
/* End PBXFileReference section */

/* Begin PBXFrameworksBuildPhase section */
		486379111B98E4CD0021B1AA /* Frameworks */ = {
			isa = PBXFrameworksBuildPhase;
			buildActionMask = 2147483647;
			files = (
			);
			runOnlyForDeploymentPostprocessing = 0;
		};
		486379261B98E4CE0021B1AA /* Frameworks */ = {
			isa = PBXFrameworksBuildPhase;
			buildActionMask = 2147483647;
			files = (
			);
			runOnlyForDeploymentPostprocessing = 0;
		};
/* End PBXFrameworksBuildPhase section */

/* Begin PBXGroup section */
		4863790B1B98E4CD0021B1AA = {
			isa = PBXGroup;
			children = (
				486379161B98E4CD0021B1AA /* Training */,
				4863792C1B98E4CE0021B1AA /* TrainingTests */,
				486379151B98E4CD0021B1AA /* Products */,
			);
			sourceTree = "<group>";
		};
		486379151B98E4CD0021B1AA /* Products */ = {
			isa = PBXGroup;
			children = (
				486379141B98E4CD0021B1AA /* Training.app */,
				486379291B98E4CE0021B1AA /* TrainingTests.xctest */,
			);
			name = Products;
			sourceTree = "<group>";
		};
		486379161B98E4CD0021B1AA /* Training */ = {
			isa = PBXGroup;
			children = (
				486379191B98E4CD0021B1AA /* AppDelegate.swift */,
				4863791B1B98E4CD0021B1AA /* ViewController.swift */,
				4863791D1B98E4CD0021B1AA /* Main.storyboard */,
				486379201B98E4CD0021B1AA /* Images.xcassets */,
				486379221B98E4CD0021B1AA /* LaunchScreen.xib */,
				486379171B98E4CD0021B1AA /* Supporting Files */,
			);
			path = Training;
			sourceTree = "<group>";
		};
		486379171B98E4CD0021B1AA /* Supporting Files */ = {
			isa = PBXGroup;
			children = (
				486379181B98E4CD0021B1AA /* Info.plist */,
			);
			name = "Supporting Files";
			sourceTree = "<group>";
		};
		4863792C1B98E4CE0021B1AA /* TrainingTests */ = {
			isa = PBXGroup;
			children = (
				4863792F1B98E4CE0021B1AA /* TrainingTests.swift */,
				4863792D1B98E4CE0021B1AA /* Supporting Files */,
			);
			path = TrainingTests;
			sourceTree = "<group>";
		};
		4863792D1B98E4CE0021B1AA /* Supporting Files */ = {
			isa = PBXGroup;
			children = (
				4863792E1B98E4CE0021B1AA /* Info.plist */,
			);
			name = "Supporting Files";
			sourceTree = "<group>";
		};
/* End PBXGroup section */

/* Begin PBXNativeTarget section */
		486379131B98E4CD0021B1AA /* Training */ = {
			isa = PBXNativeTarget;
			buildConfigurationList = 486379331B98E4CE0021B1AA /* Build configuration list for PBXNativeTarget "Training" */;
			buildPhases = (
				486379101B98E4CD0021B1AA /* Sources */,
				486379111B98E4CD0021B1AA /* Frameworks */,
				486379121B98E4CD0021B1AA /* Resources */,
			);
			buildRules = (
			);
			dependencies = (
			);
			name = Training;
			productName = Training;
			productReference = 486379141B98E4CD0021B1AA /* Training.app */;
			productType = "com.apple.product-type.application";
		};
		486379281B98E4CE0021B1AA /* TrainingTests */ = {
			isa = PBXNativeTarget;
			buildConfigurationList = 486379361B98E4CE0021B1AA /* Build configuration list for PBXNativeTarget "TrainingTests" */;
			buildPhases = (
				486379251B98E4CE0021B1AA /* Sources */,
				486379261B98E4CE0021B1AA /* Frameworks */,
				486379271B98E4CE0021B1AA /* Resources */,
			);
			buildRules = (
			);
			dependencies = (
				4863792B1B98E4CE0021B1AA /* PBXTargetDependency */,
			);
			name = TrainingTests;
			productName = TrainingTests;
			productReference = 486379291B98E4CE0021B1AA /* TrainingTests.xctest */;
			productType = "com.apple.product-type.bundle.unit-test";
		};
/* End PBXNativeTarget section */

/* Begin PBXProject section */
		4863790C1B98E4CD0021B1AA /* Project object */ = {
			isa = PBXProject;
			attributes = {
				LastUpgradeCheck = 0640;
				ORGANIZATIONNAME = Giovas;
				TargetAttributes = {
					486379131B98E4CD0021B1AA = {
						CreatedOnToolsVersion = 6.4;
					};
					486379281B98E4CE0021B1AA = {
						CreatedOnToolsVersion = 6.4;
						TestTargetID = 486379131B98E4CD0021B1AA;
					};
				};
			};
			buildConfigurationList = 4863790F1B98E4CD0021B1AA /* Build configuration list for PBXProject "Training" */;
			compatibilityVersion = "Xcode 3.2";
			developmentRegion = English;
			hasScannedForEncodings = 0;
			knownRegions = (
				en,
				Base,
			);
			mainGroup = 4863790B1B98E4CD0021B1AA;
			productRefGroup = 486379151B98E4CD0021B1AA /* Products */;
			projectDirPath = "";
			projectRoot = "";
			targets = (
				486379131B98E4CD0021B1AA /* Training */,
				486379281B98E4CE0021B1AA /* TrainingTests */,
			);
		};
/* End PBXProject section */

/* Begin PBXResourcesBuildPhase section */
		486379121B98E4CD0021B1AA /* Resources */ = {
			isa = PBXResourcesBuildPhase;
			buildActionMask = 2147483647;
			files = (
				4863791F1B98E4CD0021B1AA /* Main.storyboard in Resources */,
				486379241B98E4CD0021B1AA /* LaunchScreen.xib in Resources */,
				486379211B98E4CD0021B1AA /* Images.xcassets in Resources */,
			);
			runOnlyForDeploymentPostprocessing = 0;
		};
		486379271B98E4CE0021B1AA /* Resources */ = {
			isa = PBXResourcesBuildPhase;
			buildActionMask = 2147483647;
			files = (
			);
			runOnlyForDeploymentPostprocessing = 0;
		};
/* End PBXResourcesBuildPhase section */

/* Begin PBXSourcesBuildPhase section */
		486379101B98E4CD0021B1AA /* Sources */ = {
			isa = PBXSourcesBuildPhase;
			buildActionMask = 2147483647;
			files = (
				4863791C1B98E4CD0021B1AA /* ViewController.swift in Sources */,
				4863791A1B98E4CD0021B1AA /* AppDelegate.swift in Sources */,
			);
			runOnlyForDeploymentPostprocessing = 0;
		};
		486379251B98E4CE0021B1AA /* Sources */ = {
			isa = PBXSourcesBuildPhase;
			buildActionMask = 2147483647;
			files = (
				486379301B98E4CE0021B1AA /* TrainingTests.swift in Sources */,
			);
			runOnlyForDeploymentPostprocessing = 0;
		};
/* End PBXSourcesBuildPhase section */

/* Begin PBXTargetDependency section */
		4863792B1B98E4CE0021B1AA /* PBXTargetDependency */ = {
			isa = PBXTargetDependency;
			target = 486379131B98E4CD0021B1AA /* Training */;
			targetProxy = 4863792A1B98E4CE0021B1AA /* PBXContainerItemProxy */;
		};
/* End PBXTargetDependency section */

/* Begin PBXVariantGroup section */
		4863791D1B98E4CD0021B1AA /* Main.storyboard */ = {
			isa = PBXVariantGroup;
			children = (
				4863791E1B98E4CD0021B1AA /* Base */,
			);
			name = Main.storyboard;
			sourceTree = "<group>";
		};
		486379221B98E4CD0021B1AA /* LaunchScreen.xib */ = {
			isa = PBXVariantGroup;
			children = (
				486379231B98E4CD0021B1AA /* Base */,
			);
			name = LaunchScreen.xib;
			sourceTree = "<group>";
		};
/* End PBXVariantGroup section */

/* Begin XCBuildConfiguration section */
		486379311B98E4CE0021B1AA /* Debug */ = {
			isa = XCBuildConfiguration;
			buildSettings = {
				ALWAYS_SEARCH_USER_PATHS = NO;
				CLANG_CXX_LANGUAGE_STANDARD = "gnu++0x";
				CLANG_CXX_LIBRARY = "libc++";
				CLANG_ENABLE_MODULES = YES;
				CLANG_ENABLE_OBJC_ARC = YES;
				CLANG_WARN_BOOL_CONVERSION = YES;
				CLANG_WARN_CONSTANT_CONVERSION = YES;
				CLANG_WARN_DIRECT_OBJC_ISA_USAGE = YES_ERROR;
				CLANG_WARN_EMPTY_BODY = YES;
				CLANG_WARN_ENUM_CONVERSION = YES;
				CLANG_WARN_INT_CONVERSION = YES;
				CLANG_WARN_OBJC_ROOT_CLASS = YES_ERROR;
				CLANG_WARN_UNREACHABLE_CODE = YES;
				CLANG_WARN__DUPLICATE_METHOD_MATCH = YES;
				"CODE_SIGN_IDENTITY[sdk=iphoneos*]" = "iPhone Developer";
				COPY_PHASE_STRIP = NO;
				DEBUG_INFORMATION_FORMAT = "dwarf-with-dsym";
				ENABLE_STRICT_OBJC_MSGSEND = YES;
				GCC_C_LANGUAGE_STANDARD = gnu99;
				GCC_DYNAMIC_NO_PIC = NO;
				GCC_NO_COMMON_BLOCKS = YES;
				GCC_OPTIMIZATION_LEVEL = 0;
				GCC_PREPROCESSOR_DEFINITIONS = (
					"DEBUG=1",
					"$(inherited)",
				);
				GCC_SYMBOLS_PRIVATE_EXTERN = NO;
				GCC_WARN_64_TO_32_BIT_CONVERSION = YES;
				GCC_WARN_ABOUT_RETURN_TYPE = YES_ERROR;
				GCC_WARN_UNDECLARED_SELECTOR = YES;
				GCC_WARN_UNINITIALIZED_AUTOS = YES_AGGRESSIVE;
				GCC_WARN_UNUSED_FUNCTION = YES;
				GCC_WARN_UNUSED_VARIABLE = YES;
				IPHONEOS_DEPLOYMENT_TARGET = 8.4;
				MTL_ENABLE_DEBUG_INFO = YES;
				ONLY_ACTIVE_ARCH = YES;
				SDKROOT = iphoneos;
				SWIFT_OPTIMIZATION_LEVEL = "-Onone";
				TARGETED_DEVICE_FAMILY = "1,2";
			};
			name = Debug;
		};
		486379321B98E4CE0021B1AA /* Release */ = {
			isa = XCBuildConfiguration;
			buildSettings = {
				ALWAYS_SEARCH_USER_PATHS = NO;
				CLANG_CXX_LANGUAGE_STANDARD = "gnu++0x";
				CLANG_CXX_LIBRARY = "libc++";
				CLANG_ENABLE_MODULES = YES;
				CLANG_ENABLE_OBJC_ARC = YES;
				CLANG_WARN_BOOL_CONVERSION = YES;
				CLANG_WARN_CONSTANT_CONVERSION = YES;
				CLANG_WARN_DIRECT_OBJC_ISA_USAGE = YES_ERROR;
				CLANG_WARN_EMPTY_BODY = YES;
				CLANG_WARN_ENUM_CONVERSION = YES;
				CLANG_WARN_INT_CONVERSION = YES;
				CLANG_WARN_OBJC_ROOT_CLASS = YES_ERROR;
				CLANG_WARN_UNREACHABLE_CODE = YES;
				CLANG_WARN__DUPLICATE_METHOD_MATCH = YES;
				"CODE_SIGN_IDENTITY[sdk=iphoneos*]" = "iPhone Developer";
				COPY_PHASE_STRIP = NO;
				DEBUG_INFORMATION_FORMAT = "dwarf-with-dsym";
				ENABLE_NS_ASSERTIONS = NO;
				ENABLE_STRICT_OBJC_MSGSEND = YES;
				GCC_C_LANGUAGE_STANDARD = gnu99;
				GCC_NO_COMMON_BLOCKS = YES;
				GCC_WARN_64_TO_32_BIT_CONVERSION = YES;
				GCC_WARN_ABOUT_RETURN_TYPE = YES_ERROR;
				GCC_WARN_UNDECLARED_SELECTOR = YES;
				GCC_WARN_UNINITIALIZED_AUTOS = YES_AGGRESSIVE;
				GCC_WARN_UNUSED_FUNCTION = YES;
				GCC_WARN_UNUSED_VARIABLE = YES;
				IPHONEOS_DEPLOYMENT_TARGET = 8.4;
				MTL_ENABLE_DEBUG_INFO = NO;
				SDKROOT = iphoneos;
				TARGETED_DEVICE_FAMILY = "1,2";
				VALIDATE_PRODUCT = YES;
			};
			name = Release;
		};
		486379341B98E4CE0021B1AA /* Debug */ = {
			isa = XCBuildConfiguration;
			buildSettings = {
				ASSETCATALOG_COMPILER_APPICON_NAME = AppIcon;
				INFOPLIST_FILE = Training/Info.plist;
				LD_RUNPATH_SEARCH_PATHS = "$(inherited) @executable_path/Frameworks";
				PRODUCT_NAME = "$(TARGET_NAME)";
			};
			name = Debug;
		};
		486379351B98E4CE0021B1AA /* Release */ = {
			isa = XCBuildConfiguration;
			buildSettings = {
				ASSETCATALOG_COMPILER_APPICON_NAME = AppIcon;
				INFOPLIST_FILE = Training/Info.plist;
				LD_RUNPATH_SEARCH_PATHS = "$(inherited) @executable_path/Frameworks";
				PRODUCT_NAME = "$(TARGET_NAME)";
			};
			name = Release;
		};
		486379371B98E4CE0021B1AA /* Debug */ = {
			isa = XCBuildConfiguration;
			buildSettings = {
				BUNDLE_LOADER = "$(TEST_HOST)";
				FRAMEWORK_SEARCH_PATHS = (
					"$(SDKROOT)/Developer/Library/Frameworks",
					"$(inherited)",
				);
				GCC_PREPROCESSOR_DEFINITIONS = (
					"DEBUG=1",
					"$(inherited)",
				);
				INFOPLIST_FILE = TrainingTests/Info.plist;
				LD_RUNPATH_SEARCH_PATHS = "$(inherited) @executable_path/Frameworks @loader_path/Frameworks";
				PRODUCT_NAME = "$(TARGET_NAME)";
				TEST_HOST = "$(BUILT_PRODUCTS_DIR)/Training.app/Training";
			};
			name = Debug;
		};
		486379381B98E4CE0021B1AA /* Release */ = {
			isa = XCBuildConfiguration;
			buildSettings = {
				BUNDLE_LOADER = "$(TEST_HOST)";
				FRAMEWORK_SEARCH_PATHS = (
					"$(SDKROOT)/Developer/Library/Frameworks",
					"$(inherited)",
				);
				INFOPLIST_FILE = TrainingTests/Info.plist;
				LD_RUNPATH_SEARCH_PATHS = "$(inherited) @executable_path/Frameworks @loader_path/Frameworks";
				PRODUCT_NAME = "$(TARGET_NAME)";
				TEST_HOST = "$(BUILT_PRODUCTS_DIR)/Training.app/Training";
			};
			name = Release;
		};
/* End XCBuildConfiguration section */

/* Begin XCConfigurationList section */
		4863790F1B98E4CD0021B1AA /* Build configuration list for PBXProject "Training" */ = {
			isa = XCConfigurationList;
			buildConfigurations = (
				486379311B98E4CE0021B1AA /* Debug */,
				486379321B98E4CE0021B1AA /* Release */,
			);
			defaultConfigurationIsVisible = 0;
			defaultConfigurationName = Release;
		};
		486379331B98E4CE0021B1AA /* Build configuration list for PBXNativeTarget "Training" */ = {
			isa = XCConfigurationList;
			buildConfigurations = (
				486379341B98E4CE0021B1AA /* Debug */,
				486379351B98E4CE0021B1AA /* Release */,
			);
			defaultConfigurationIsVisible = 0;
		};
		486379361B98E4CE0021B1AA /* Build configuration list for PBXNativeTarget "TrainingTests" */ = {
			isa = XCConfigurationList;
			buildConfigurations = (
				486379371B98E4CE0021B1AA /* Debug */,
				486379381B98E4CE0021B1AA /* Release */,
			);
			defaultConfigurationIsVisible = 0;
		};
/* End XCConfigurationList section */
	};
	rootObject = 4863790C1B98E4CD0021B1AA /* Project object */;
}
